
Microsoft Visual Studio Solution File, Format Version 12.00
Project("{FAE04EC0-301F-11D3-BF4B-00C04F79EFBC}") = "gamelift-server-sample-core", "gamelift-server-sample-core\gamelift-server-sample-core.csproj", "{4BBEC6D6-BF2C-4DB2-B0B0-90ECC08FF6F0}"
EndProject
Global
	GlobalSection(SolutionConfigurationPlatforms) = preSolution
		Debug|Any CPU = Debug|Any CPU
		Release|Any CPU = Release|Any CPU
	EndGlobalSection
	GlobalSection(ProjectConfigurationPlatforms) = postSolution
		{4BBEC6D6-BF2C-4DB2-B0B0-90ECC08FF6F0}.Debug|Any CPU.ActiveCfg = Debug|Any CPU
		{4BBEC6D6-BF2C-4DB2-B0B0-90ECC08FF6F0}.Debug|Any CPU.Build.0 = Debug|Any CPU
		{4BBEC6D6-BF2C-4DB2-B0B0-90ECC08FF6F0}.Release|Any CPU.ActiveCfg = Release|Any CPU
		{4BBEC6D6-BF2C-4DB2-B0B0-90ECC08FF6F0}.Release|Any CPU.Build.0 = Release|Any CPU
	EndGlobalSection
EndGlobal
